
Microsoft Visual Studio Solution File, Format Version 12.00
# Visual Studio 15
VisualStudioVersion = 15.0.28010.2050
MinimumVisualStudioVersion = 10.0.40219.1
Project("{8BC9CEB8-8B4A-11D0-8D11-00A0C91BC942}") = "memmod", "src/memmod/_memmod/_memmod.vcxproj", "{AE743683-02F5-448D-A52B-1D9FC4D78244}"
EndProject
Global
	GlobalSection(SolutionConfigurationPlatforms) = preSolution
		Debug27|x64 = Debug27|x64
		Debug27|x86 = Debug27|x86
		Debug36|x64 = Debug36|x64
		Debug36|x86 = Debug36|x86
		Release27|x64 = Release27|x64
		Release27|x86 = Release27|x86
		Release36|x64 = Release36|x64
		Release36|x86 = Release36|x86
	EndGlobalSection
	GlobalSection(ProjectConfigurationPlatforms) = postSolution
		{AE743683-02F5-448D-A52B-1D9FC4D78244}.Debug27|x64.ActiveCfg = Debug27|x64
		{AE743683-02F5-448D-A52B-1D9FC4D78244}.Debug27|x64.Build.0 = Debug27|x64
		{AE743683-02F5-448D-A52B-1D9FC4D78244}.Debug27|x86.ActiveCfg = Debug27|Win32
		{AE743683-02F5-448D-A52B-1D9FC4D78244}.Debug27|x86.Build.0 = Debug27|Win32
		{AE743683-02F5-448D-A52B-1D9FC4D78244}.Debug36|x64.ActiveCfg = Debug36|x64
		{AE743683-02F5-448D-A52B-1D9FC4D78244}.Debug36|x64.Build.0 = Debug36|x64
		{AE743683-02F5-448D-A52B-1D9FC4D78244}.Debug36|x86.ActiveCfg = Debug36|Win32
		{AE743683-02F5-448D-A52B-1D9FC4D78244}.Debug36|x86.Build.0 = Debug36|Win32
		{AE743683-02F5-448D-A52B-1D9FC4D78244}.Release27|x64.ActiveCfg = Release27|x64
		{AE743683-02F5-448D-A52B-1D9FC4D78244}.Release27|x64.Build.0 = Release27|x64
		{AE743683-02F5-448D-A52B-1D9FC4D78244}.Release27|x86.ActiveCfg = Release27|Win32
		{AE743683-02F5-448D-A52B-1D9FC4D78244}.Release27|x86.Build.0 = Release27|Win32
		{AE743683-02F5-448D-A52B-1D9FC4D78244}.Release36|x64.ActiveCfg = Release36|x64
		{AE743683-02F5-448D-A52B-1D9FC4D78244}.Release36|x64.Build.0 = Release36|x64
		{AE743683-02F5-448D-A52B-1D9FC4D78244}.Release36|x86.ActiveCfg = Release36|Win32
		{AE743683-02F5-448D-A52B-1D9FC4D78244}.Release36|x86.Build.0 = Release36|Win32
	EndGlobalSection
	GlobalSection(SolutionProperties) = preSolution
		HideSolutionNode = FALSE
	EndGlobalSection
	GlobalSection(ExtensibilityGlobals) = postSolution
		SolutionGuid = {04D3D1B8-E5D3-4886-8DF3-D4C7CDDDC3E1}
	EndGlobalSection
EndGlobal
